// !$*UTF8*$!
{
	archiveVersion = 1;
	classes = {
	};
	objectVersion = 46;
	objects = {

/* Begin PBXBuildFile section */
		57E1BFB419CF391F0025FC88 /* AppDelegate.swift in Sources */ = {isa = PBXBuildFile; fileRef = 57E1BFB319CF391F0025FC88 /* AppDelegate.swift */; };
		57E1BFB619CF391F0025FC88 /* ViewController.swift in Sources */ = {isa = PBXBuildFile; fileRef = 57E1BFB519CF391F0025FC88 /* ViewController.swift */; };
		57E1BFB919CF391F0025FC88 /* Main.storyboard in Resources */ = {isa = PBXBuildFile; fileRef = 57E1BFB719CF391F0025FC88 /* Main.storyboard */; };
		57E1BFBB19CF391F0025FC88 /* Images.xcassets in Resources */ = {isa = PBXBuildFile; fileRef = 57E1BFBA19CF391F0025FC88 /* Images.xcassets */; };
		57E1BFBE19CF391F0025FC88 /* LaunchScreen.xib in Resources */ = {isa = PBXBuildFile; fileRef = 57E1BFBC19CF391F0025FC88 /* LaunchScreen.xib */; };
		57E1BFCA19CF391F0025FC88 /* Blackjack_CS2214Tests.swift in Sources */ = {isa = PBXBuildFile; fileRef = 57E1BFC919CF391F0025FC88 /* Blackjack_CS2214Tests.swift */; };
/* End PBXBuildFile section */

/* Begin PBXContainerItemProxy section */
		57E1BFC419CF391F0025FC88 /* PBXContainerItemProxy */ = {
			isa = PBXContainerItemProxy;
			containerPortal = 57E1BFA619CF391D0025FC88 /* Project object */;
			proxyType = 1;
			remoteGlobalIDString = 57E1BFAD19CF391D0025FC88;
			remoteInfo = "Blackjack CS2214";
		};
/* End PBXContainerItemProxy section */

/* Begin PBXFileReference section */
		57E1BFAE19CF391F0025FC88 /* Blackjack CS2214.app */ = {isa = PBXFileReference; explicitFileType = wrapper.application; includeInIndex = 0; path = "Blackjack CS2214.app"; sourceTree = BUILT_PRODUCTS_DIR; };
		57E1BFB219CF391F0025FC88 /* Info.plist */ = {isa = PBXFileReference; lastKnownFileType = text.plist.xml; path = Info.plist; sourceTree = "<group>"; };
		57E1BFB319CF391F0025FC88 /* AppDelegate.swift */ = {isa = PBXFileReference; lastKnownFileType = sourcecode.swift; path = AppDelegate.swift; sourceTree = "<group>"; };
		57E1BFB519CF391F0025FC88 /* ViewController.swift */ = {isa = PBXFileReference; lastKnownFileType = sourcecode.swift; path = ViewController.swift; sourceTree = "<group>"; };
		57E1BFB819CF391F0025FC88 /* Base */ = {isa = PBXFileReference; lastKnownFileType = file.storyboard; name = Base; path = Base.lproj/Main.storyboard; sourceTree = "<group>"; };
		57E1BFBA19CF391F0025FC88 /* Images.xcassets */ = {isa = PBXFileReference; lastKnownFileType = folder.assetcatalog; path = Images.xcassets; sourceTree = "<group>"; };
		57E1BFBD19CF391F0025FC88 /* Base */ = {isa = PBXFileReference; lastKnownFileType = file.xib; name = Base; path = Base.lproj/LaunchScreen.xib; sourceTree = "<group>"; };
		57E1BFC319CF391F0025FC88 /* Blackjack CS2214Tests.xctest */ = {isa = PBXFileReference; explicitFileType = wrapper.cfbundle; includeInIndex = 0; path = "Blackjack CS2214Tests.xctest"; sourceTree = BUILT_PRODUCTS_DIR; };
		57E1BFC819CF391F0025FC88 /* Info.plist */ = {isa = PBXFileReference; lastKnownFileType = text.plist.xml; path = Info.plist; sourceTree = "<group>"; };
		57E1BFC919CF391F0025FC88 /* Blackjack_CS2214Tests.swift */ = {isa = PBXFileReference; lastKnownFileType = sourcecode.swift; path = Blackjack_CS2214Tests.swift; sourceTree = "<group>"; };
/* End PBXFileReference section */

/* Begin PBXFrameworksBuildPhase section */
		57E1BFAB19CF391D0025FC88 /* Frameworks */ = {
			isa = PBXFrameworksBuildPhase;
			buildActionMask = 2147483647;
			files = (
			);
			runOnlyForDeploymentPostprocessing = 0;
		};
		57E1BFC019CF391F0025FC88 /* Frameworks */ = {
			isa = PBXFrameworksBuildPhase;
			buildActionMask = 2147483647;
			files = (
			);
			runOnlyForDeploymentPostprocessing = 0;
		};
/* End PBXFrameworksBuildPhase section */

/* Begin PBXGroup section */
		57E1BFA519CF391D0025FC88 = {
			isa = PBXGroup;
			children = (
				57E1BFB019CF391F0025FC88 /* Blackjack CS2214 */,
				57E1BFC619CF391F0025FC88 /* Blackjack CS2214Tests */,
				57E1BFAF19CF391F0025FC88 /* Products */,
			);
			sourceTree = "<group>";
		};
		57E1BFAF19CF391F0025FC88 /* Products */ = {
			isa = PBXGroup;
			children = (
				57E1BFAE19CF391F0025FC88 /* Blackjack CS2214.app */,
				57E1BFC319CF391F0025FC88 /* Blackjack CS2214Tests.xctest */,
			);
			name = Products;
			sourceTree = "<group>";
		};
		57E1BFB019CF391F0025FC88 /* Blackjack CS2214 */ = {
			isa = PBXGroup;
			children = (
				57E1BFB319CF391F0025FC88 /* AppDelegate.swift */,
				57E1BFB519CF391F0025FC88 /* ViewController.swift */,
				57E1BFB719CF391F0025FC88 /* Main.storyboard */,
				57E1BFBA19CF391F0025FC88 /* Images.xcassets */,
				57E1BFBC19CF391F0025FC88 /* LaunchScreen.xib */,
				57E1BFB119CF391F0025FC88 /* Supporting Files */,
			);
			path = "Blackjack CS2214";
			sourceTree = "<group>";
		};
		57E1BFB119CF391F0025FC88 /* Supporting Files */ = {
			isa = PBXGroup;
			children = (
				57E1BFB219CF391F0025FC88 /* Info.plist */,
			);
			name = "Supporting Files";
			sourceTree = "<group>";
		};
		57E1BFC619CF391F0025FC88 /* Blackjack CS2214Tests */ = {
			isa = PBXGroup;
			children = (
				57E1BFC919CF391F0025FC88 /* Blackjack_CS2214Tests.swift */,
				57E1BFC719CF391F0025FC88 /* Supporting Files */,
			);
			path = "Blackjack CS2214Tests";
			sourceTree = "<group>";
		};
		57E1BFC719CF391F0025FC88 /* Supporting Files */ = {
			isa = PBXGroup;
			children = (
				57E1BFC819CF391F0025FC88 /* Info.plist */,
			);
			name = "Supporting Files";
			sourceTree = "<group>";
		};
/* End PBXGroup section */

/* Begin PBXNativeTarget section */
		57E1BFAD19CF391D0025FC88 /* Blackjack CS2214 */ = {
			isa = PBXNativeTarget;
			buildConfigurationList = 57E1BFCD19CF391F0025FC88 /* Build configuration list for PBXNativeTarget "Blackjack CS2214" */;
			buildPhases = (
				57E1BFAA19CF391D0025FC88 /* Sources */,
				57E1BFAB19CF391D0025FC88 /* Frameworks */,
				57E1BFAC19CF391D0025FC88 /* Resources */,
			);
			buildRules = (
			);
			dependencies = (
			);
			name = "Blackjack CS2214";
			productName = "Blackjack CS2214";
			productReference = 57E1BFAE19CF391F0025FC88 /* Blackjack CS2214.app */;
			productType = "com.apple.product-type.application";
		};
		57E1BFC219CF391F0025FC88 /* Blackjack CS2214Tests */ = {
			isa = PBXNativeTarget;
			buildConfigurationList = 57E1BFD019CF391F0025FC88 /* Build configuration list for PBXNativeTarget "Blackjack CS2214Tests" */;
			buildPhases = (
				57E1BFBF19CF391F0025FC88 /* Sources */,
				57E1BFC019CF391F0025FC88 /* Frameworks */,
				57E1BFC119CF391F0025FC88 /* Resources */,
			);
			buildRules = (
			);
			dependencies = (
				57E1BFC519CF391F0025FC88 /* PBXTargetDependency */,
			);
			name = "Blackjack CS2214Tests";
			productName = "Blackjack CS2214Tests";
			productReference = 57E1BFC319CF391F0025FC88 /* Blackjack CS2214Tests.xctest */;
			productType = "com.apple.product-type.bundle.unit-test";
		};
/* End PBXNativeTarget section */

/* Begin PBXProject section */
		57E1BFA619CF391D0025FC88 /* Project object */ = {
			isa = PBXProject;
			attributes = {
				LastUpgradeCheck = 0600;
				ORGANIZATIONNAME = "Kevin Zeng";
				TargetAttributes = {
					57E1BFAD19CF391D0025FC88 = {
						CreatedOnToolsVersion = 6.0.1;
					};
					57E1BFC219CF391F0025FC88 = {
						CreatedOnToolsVersion = 6.0.1;
						TestTargetID = 57E1BFAD19CF391D0025FC88;
					};
				};
			};
			buildConfigurationList = 57E1BFA919CF391D0025FC88 /* Build configuration list for PBXProject "Blackjack CS2214" */;
			compatibilityVersion = "Xcode 3.2";
			developmentRegion = English;
			hasScannedForEncodings = 0;
			knownRegions = (
				en,
				Base,
			);
			mainGroup = 57E1BFA519CF391D0025FC88;
			productRefGroup = 57E1BFAF19CF391F0025FC88 /* Products */;
			projectDirPath = "";
			projectRoot = "";
			targets = (
				57E1BFAD19CF391D0025FC88 /* Blackjack CS2214 */,
				57E1BFC219CF391F0025FC88 /* Blackjack CS2214Tests */,
			);
		};
/* End PBXProject section */

/* Begin PBXResourcesBuildPhase section */
		57E1BFAC19CF391D0025FC88 /* Resources */ = {
			isa = PBXResourcesBuildPhase;
			buildActionMask = 2147483647;
			files = (
				57E1BFB919CF391F0025FC88 /* Main.storyboard in Resources */,
				57E1BFBE19CF391F0025FC88 /* LaunchScreen.xib in Resources */,
				57E1BFBB19CF391F0025FC88 /* Images.xcassets in Resources */,
			);
			runOnlyForDeploymentPostprocessing = 0;
		};
		57E1BFC119CF391F0025FC88 /* Resources */ = {
			isa = PBXResourcesBuildPhase;
			buildActionMask = 2147483647;
			files = (
			);
			runOnlyForDeploymentPostprocessing = 0;
		};
/* End PBXResourcesBuildPhase section */

/* Begin PBXSourcesBuildPhase section */
		57E1BFAA19CF391D0025FC88 /* Sources */ = {
			isa = PBXSourcesBuildPhase;
			buildActionMask = 2147483647;
			files = (
				57E1BFB619CF391F0025FC88 /* ViewController.swift in Sources */,
				57E1BFB419CF391F0025FC88 /* AppDelegate.swift in Sources */,
			);
			runOnlyForDeploymentPostprocessing = 0;
		};
		57E1BFBF19CF391F0025FC88 /* Sources */ = {
			isa = PBXSourcesBuildPhase;
			buildActionMask = 2147483647;
			files = (
				57E1BFCA19CF391F0025FC88 /* Blackjack_CS2214Tests.swift in Sources */,
			);
			runOnlyForDeploymentPostprocessing = 0;
		};
/* End PBXSourcesBuildPhase section */

/* Begin PBXTargetDependency section */
		57E1BFC519CF391F0025FC88 /* PBXTargetDependency */ = {
			isa = PBXTargetDependency;
			target = 57E1BFAD19CF391D0025FC88 /* Blackjack CS2214 */;
			targetProxy = 57E1BFC419CF391F0025FC88 /* PBXContainerItemProxy */;
		};
/* End PBXTargetDependency section */

/* Begin PBXVariantGroup section */
		57E1BFB719CF391F0025FC88 /* Main.storyboard */ = {
			isa = PBXVariantGroup;
			children = (
				57E1BFB819CF391F0025FC88 /* Base */,
			);
			name = Main.storyboard;
			sourceTree = "<group>";
		};
		57E1BFBC19CF391F0025FC88 /* LaunchScreen.xib */ = {
			isa = PBXVariantGroup;
			children = (
				57E1BFBD19CF391F0025FC88 /* Base */,
			);
			name = LaunchScreen.xib;
			sourceTree = "<group>";
		};
/* End PBXVariantGroup section */

/* Begin XCBuildConfiguration section */
		57E1BFCB19CF391F0025FC88 /* Debug */ = {
			isa = XCBuildConfiguration;
			buildSettings = {
				ALWAYS_SEARCH_USER_PATHS = NO;
				CLANG_CXX_LANGUAGE_STANDARD = "gnu++0x";
				CLANG_CXX_LIBRARY = "libc++";
				CLANG_ENABLE_MODULES = YES;
				CLANG_ENABLE_OBJC_ARC = YES;
				CLANG_WARN_BOOL_CONVERSION = YES;
				CLANG_WARN_CONSTANT_CONVERSION = YES;
				CLANG_WARN_DIRECT_OBJC_ISA_USAGE = YES_ERROR;
				CLANG_WARN_EMPTY_BODY = YES;
				CLANG_WARN_ENUM_CONVERSION = YES;
				CLANG_WARN_INT_CONVERSION = YES;
				CLANG_WARN_OBJC_ROOT_CLASS = YES_ERROR;
				CLANG_WARN_UNREACHABLE_CODE = YES;
				CLANG_WARN__DUPLICATE_METHOD_MATCH = YES;
				"CODE_SIGN_IDENTITY[sdk=iphoneos*]" = "iPhone Developer";
				COPY_PHASE_STRIP = NO;
				ENABLE_STRICT_OBJC_MSGSEND = YES;
				GCC_C_LANGUAGE_STANDARD = gnu99;
				GCC_DYNAMIC_NO_PIC = NO;
				GCC_OPTIMIZATION_LEVEL = 0;
				GCC_PREPROCESSOR_DEFINITIONS = (
					"DEBUG=1",
					"$(inherited)",
				);
				GCC_SYMBOLS_PRIVATE_EXTERN = NO;
				GCC_WARN_64_TO_32_BIT_CONVERSION = YES;
				GCC_WARN_ABOUT_RETURN_TYPE = YES_ERROR;
				GCC_WARN_UNDECLARED_SELECTOR = YES;
				GCC_WARN_UNINITIALIZED_AUTOS = YES_AGGRESSIVE;
				GCC_WARN_UNUSED_FUNCTION = YES;
				GCC_WARN_UNUSED_VARIABLE = YES;
				IPHONEOS_DEPLOYMENT_TARGET = 8.0;
				MTL_ENABLE_DEBUG_INFO = YES;
				ONLY_ACTIVE_ARCH = YES;
				SDKROOT = iphoneos;
				SWIFT_OPTIMIZATION_LEVEL = "-Onone";
				TARGETED_DEVICE_FAMILY = "1,2";
			};
			name = Debug;
		};
		57E1BFCC19CF391F0025FC88 /* Release */ = {
			isa = XCBuildConfiguration;
			buildSettings = {
				ALWAYS_SEARCH_USER_PATHS = NO;
				CLANG_CXX_LANGUAGE_STANDARD = "gnu++0x";
				CLANG_CXX_LIBRARY = "libc++";
				CLANG_ENABLE_MODULES = YES;
				CLANG_ENABLE_OBJC_ARC = YES;
				CLANG_WARN_BOOL_CONVERSION = YES;
				CLANG_WARN_CONSTANT_CONVERSION = YES;
				CLANG_WARN_DIRECT_OBJC_ISA_USAGE = YES_ERROR;
				CLANG_WARN_EMPTY_BODY = YES;
				CLANG_WARN_ENUM_CONVERSION = YES;
				CLANG_WARN_INT_CONVERSION = YES;
				CLANG_WARN_OBJC_ROOT_CLASS = YES_ERROR;
				CLANG_WARN_UNREACHABLE_CODE = YES;
				CLANG_WARN__DUPLICATE_METHOD_MATCH = YES;
				"CODE_SIGN_IDENTITY[sdk=iphoneos*]" = "iPhone Developer";
				COPY_PHASE_STRIP = YES;
				ENABLE_NS_ASSERTIONS = NO;
				ENABLE_STRICT_OBJC_MSGSEND = YES;
				GCC_C_LANGUAGE_STANDARD = gnu99;
				GCC_WARN_64_TO_32_BIT_CONVERSION = YES;
				GCC_WARN_ABOUT_RETURN_TYPE = YES_ERROR;
				GCC_WARN_UNDECLARED_SELECTOR = YES;
				GCC_WARN_UNINITIALIZED_AUTOS = YES_AGGRESSIVE;
				GCC_WARN_UNUSED_FUNCTION = YES;
				GCC_WARN_UNUSED_VARIABLE = YES;
				IPHONEOS_DEPLOYMENT_TARGET = 8.0;
				MTL_ENABLE_DEBUG_INFO = NO;
				SDKROOT = iphoneos;
				TARGETED_DEVICE_FAMILY = "1,2";
				VALIDATE_PRODUCT = YES;
			};
			name = Release;
		};
		57E1BFCE19CF391F0025FC88 /* Debug */ = {
			isa = XCBuildConfiguration;
			buildSettings = {
				ASSETCATALOG_COMPILER_APPICON_NAME = AppIcon;
				INFOPLIST_FILE = "Blackjack CS2214/Info.plist";
				LD_RUNPATH_SEARCH_PATHS = "$(inherited) @executable_path/Frameworks";
				PRODUCT_NAME = "$(TARGET_NAME)";
			};
			name = Debug;
		};
		57E1BFCF19CF391F0025FC88 /* Release */ = {
			isa = XCBuildConfiguration;
			buildSettings = {
				ASSETCATALOG_COMPILER_APPICON_NAME = AppIcon;
				INFOPLIST_FILE = "Blackjack CS2214/Info.plist";
				LD_RUNPATH_SEARCH_PATHS = "$(inherited) @executable_path/Frameworks";
				PRODUCT_NAME = "$(TARGET_NAME)";
			};
			name = Release;
		};
		57E1BFD119CF391F0025FC88 /* Debug */ = {
			isa = XCBuildConfiguration;
			buildSettings = {
				BUNDLE_LOADER = "$(TEST_HOST)";
				FRAMEWORK_SEARCH_PATHS = (
					"$(SDKROOT)/Developer/Library/Frameworks",
					"$(inherited)",
				);
				GCC_PREPROCESSOR_DEFINITIONS = (
					"DEBUG=1",
					"$(inherited)",
				);
				INFOPLIST_FILE = "Blackjack CS2214Tests/Info.plist";
				LD_RUNPATH_SEARCH_PATHS = "$(inherited) @executable_path/Frameworks @loader_path/Frameworks";
				PRODUCT_NAME = "$(TARGET_NAME)";
				TEST_HOST = "$(BUILT_PRODUCTS_DIR)/Blackjack CS2214.app/Blackjack CS2214";
			};
			name = Debug;
		};
		57E1BFD219CF391F0025FC88 /* Release */ = {
			isa = XCBuildConfiguration;
			buildSettings = {
				BUNDLE_LOADER = "$(TEST_HOST)";
				FRAMEWORK_SEARCH_PATHS = (
					"$(SDKROOT)/Developer/Library/Frameworks",
					"$(inherited)",
				);
				INFOPLIST_FILE = "Blackjack CS2214Tests/Info.plist";
				LD_RUNPATH_SEARCH_PATHS = "$(inherited) @executable_path/Frameworks @loader_path/Frameworks";
				PRODUCT_NAME = "$(TARGET_NAME)";
				TEST_HOST = "$(BUILT_PRODUCTS_DIR)/Blackjack CS2214.app/Blackjack CS2214";
			};
			name = Release;
		};
/* End XCBuildConfiguration section */

/* Begin XCConfigurationList section */
		57E1BFA919CF391D0025FC88 /* Build configuration list for PBXProject "Blackjack CS2214" */ = {
			isa = XCConfigurationList;
			buildConfigurations = (
				57E1BFCB19CF391F0025FC88 /* Debug */,
				57E1BFCC19CF391F0025FC88 /* Release */,
			);
			defaultConfigurationIsVisible = 0;
			defaultConfigurationName = Release;
		};
		57E1BFCD19CF391F0025FC88 /* Build configuration list for PBXNativeTarget "Blackjack CS2214" */ = {
			isa = XCConfigurationList;
			buildConfigurations = (
				57E1BFCE19CF391F0025FC88 /* Debug */,
				57E1BFCF19CF391F0025FC88 /* Release */,
			);
			defaultConfigurationIsVisible = 0;
			defaultConfigurationName = Release;
		};
		57E1BFD019CF391F0025FC88 /* Build configuration list for PBXNativeTarget "Blackjack CS2214Tests" */ = {
			isa = XCConfigurationList;
			buildConfigurations = (
				57E1BFD119CF391F0025FC88 /* Debug */,
				57E1BFD219CF391F0025FC88 /* Release */,
			);
			defaultConfigurationIsVisible = 0;
			defaultConfigurationName = Release;
		};
/* End XCConfigurationList section */
	};
	rootObject = 57E1BFA619CF391D0025FC88 /* Project object */;
}
