// !$*UTF8*$!
{
	archiveVersion = 1;
	classes = {
	};
	objectVersion = 46;
	objects = {

/* Begin PBXBuildFile section */
		7977FB5419E43D5500AF863F /* AppDelegate.swift in Sources */ = {isa = PBXBuildFile; fileRef = 7977FB5319E43D5500AF863F /* AppDelegate.swift */; };
		7977FB5619E43D5500AF863F /* ViewController.swift in Sources */ = {isa = PBXBuildFile; fileRef = 7977FB5519E43D5500AF863F /* ViewController.swift */; };
		7977FB5919E43D5500AF863F /* Main.storyboard in Resources */ = {isa = PBXBuildFile; fileRef = 7977FB5719E43D5500AF863F /* Main.storyboard */; };
		7977FB5B19E43D5500AF863F /* Images.xcassets in Resources */ = {isa = PBXBuildFile; fileRef = 7977FB5A19E43D5500AF863F /* Images.xcassets */; };
		7977FB5E19E43D5500AF863F /* LaunchScreen.xib in Resources */ = {isa = PBXBuildFile; fileRef = 7977FB5C19E43D5500AF863F /* LaunchScreen.xib */; };
		7977FB6A19E43D5600AF863F /* testAbusTests.swift in Sources */ = {isa = PBXBuildFile; fileRef = 7977FB6919E43D5600AF863F /* testAbusTests.swift */; };
		79DEFF8A19E49DB200BC4C37 /* BlackjackSystem.swift in Sources */ = {isa = PBXBuildFile; fileRef = 79DEFF8919E49DB200BC4C37 /* BlackjackSystem.swift */; };
/* End PBXBuildFile section */

/* Begin PBXContainerItemProxy section */
		7977FB6419E43D5600AF863F /* PBXContainerItemProxy */ = {
			isa = PBXContainerItemProxy;
			containerPortal = 7977FB4619E43D5400AF863F /* Project object */;
			proxyType = 1;
			remoteGlobalIDString = 7977FB4D19E43D5400AF863F;
			remoteInfo = testAbus;
		};
/* End PBXContainerItemProxy section */

/* Begin PBXFileReference section */
		7977FB4E19E43D5500AF863F /* testAbus.app */ = {isa = PBXFileReference; explicitFileType = wrapper.application; includeInIndex = 0; path = testAbus.app; sourceTree = BUILT_PRODUCTS_DIR; };
		7977FB5219E43D5500AF863F /* Info.plist */ = {isa = PBXFileReference; lastKnownFileType = text.plist.xml; path = Info.plist; sourceTree = "<group>"; };
		7977FB5319E43D5500AF863F /* AppDelegate.swift */ = {isa = PBXFileReference; lastKnownFileType = sourcecode.swift; path = AppDelegate.swift; sourceTree = "<group>"; };
		7977FB5519E43D5500AF863F /* ViewController.swift */ = {isa = PBXFileReference; lastKnownFileType = sourcecode.swift; path = ViewController.swift; sourceTree = "<group>"; };
		7977FB5819E43D5500AF863F /* Base */ = {isa = PBXFileReference; lastKnownFileType = file.storyboard; name = Base; path = Base.lproj/Main.storyboard; sourceTree = "<group>"; };
		7977FB5A19E43D5500AF863F /* Images.xcassets */ = {isa = PBXFileReference; lastKnownFileType = folder.assetcatalog; path = Images.xcassets; sourceTree = "<group>"; };
		7977FB5D19E43D5500AF863F /* Base */ = {isa = PBXFileReference; lastKnownFileType = file.xib; name = Base; path = Base.lproj/LaunchScreen.xib; sourceTree = "<group>"; };
		7977FB6319E43D5600AF863F /* testAbusTests.xctest */ = {isa = PBXFileReference; explicitFileType = wrapper.cfbundle; includeInIndex = 0; path = testAbusTests.xctest; sourceTree = BUILT_PRODUCTS_DIR; };
		7977FB6819E43D5600AF863F /* Info.plist */ = {isa = PBXFileReference; lastKnownFileType = text.plist.xml; path = Info.plist; sourceTree = "<group>"; };
		7977FB6919E43D5600AF863F /* testAbusTests.swift */ = {isa = PBXFileReference; lastKnownFileType = sourcecode.swift; path = testAbusTests.swift; sourceTree = "<group>"; };
		79DEFF8919E49DB200BC4C37 /* BlackjackSystem.swift */ = {isa = PBXFileReference; fileEncoding = 4; lastKnownFileType = sourcecode.swift; path = BlackjackSystem.swift; sourceTree = "<group>"; };
/* End PBXFileReference section */

/* Begin PBXFrameworksBuildPhase section */
		7977FB4B19E43D5400AF863F /* Frameworks */ = {
			isa = PBXFrameworksBuildPhase;
			buildActionMask = 2147483647;
			files = (
			);
			runOnlyForDeploymentPostprocessing = 0;
		};
		7977FB6019E43D5600AF863F /* Frameworks */ = {
			isa = PBXFrameworksBuildPhase;
			buildActionMask = 2147483647;
			files = (
			);
			runOnlyForDeploymentPostprocessing = 0;
		};
/* End PBXFrameworksBuildPhase section */

/* Begin PBXGroup section */
		7977FB4519E43D5400AF863F = {
			isa = PBXGroup;
			children = (
				7977FB5019E43D5500AF863F /* testAbus */,
				7977FB6619E43D5600AF863F /* testAbusTests */,
				7977FB4F19E43D5500AF863F /* Products */,
			);
			sourceTree = "<group>";
		};
		7977FB4F19E43D5500AF863F /* Products */ = {
			isa = PBXGroup;
			children = (
				7977FB4E19E43D5500AF863F /* testAbus.app */,
				7977FB6319E43D5600AF863F /* testAbusTests.xctest */,
			);
			name = Products;
			sourceTree = "<group>";
		};
		7977FB5019E43D5500AF863F /* testAbus */ = {
			isa = PBXGroup;
			children = (
				7977FB5319E43D5500AF863F /* AppDelegate.swift */,
				7977FB5519E43D5500AF863F /* ViewController.swift */,
				7977FB5719E43D5500AF863F /* Main.storyboard */,
				7977FB5A19E43D5500AF863F /* Images.xcassets */,
				7977FB5C19E43D5500AF863F /* LaunchScreen.xib */,
				7977FB5119E43D5500AF863F /* Supporting Files */,
				79DEFF8919E49DB200BC4C37 /* BlackjackSystem.swift */,
			);
			path = testAbus;
			sourceTree = "<group>";
		};
		7977FB5119E43D5500AF863F /* Supporting Files */ = {
			isa = PBXGroup;
			children = (
				7977FB5219E43D5500AF863F /* Info.plist */,
			);
			name = "Supporting Files";
			sourceTree = "<group>";
		};
		7977FB6619E43D5600AF863F /* testAbusTests */ = {
			isa = PBXGroup;
			children = (
				7977FB6919E43D5600AF863F /* testAbusTests.swift */,
				7977FB6719E43D5600AF863F /* Supporting Files */,
			);
			path = testAbusTests;
			sourceTree = "<group>";
		};
		7977FB6719E43D5600AF863F /* Supporting Files */ = {
			isa = PBXGroup;
			children = (
				7977FB6819E43D5600AF863F /* Info.plist */,
			);
			name = "Supporting Files";
			sourceTree = "<group>";
		};
/* End PBXGroup section */

/* Begin PBXNativeTarget section */
		7977FB4D19E43D5400AF863F /* testAbus */ = {
			isa = PBXNativeTarget;
			buildConfigurationList = 7977FB6D19E43D5600AF863F /* Build configuration list for PBXNativeTarget "testAbus" */;
			buildPhases = (
				7977FB4A19E43D5400AF863F /* Sources */,
				7977FB4B19E43D5400AF863F /* Frameworks */,
				7977FB4C19E43D5400AF863F /* Resources */,
			);
			buildRules = (
			);
			dependencies = (
			);
			name = testAbus;
			productName = testAbus;
			productReference = 7977FB4E19E43D5500AF863F /* testAbus.app */;
			productType = "com.apple.product-type.application";
		};
		7977FB6219E43D5600AF863F /* testAbusTests */ = {
			isa = PBXNativeTarget;
			buildConfigurationList = 7977FB7019E43D5600AF863F /* Build configuration list for PBXNativeTarget "testAbusTests" */;
			buildPhases = (
				7977FB5F19E43D5600AF863F /* Sources */,
				7977FB6019E43D5600AF863F /* Frameworks */,
				7977FB6119E43D5600AF863F /* Resources */,
			);
			buildRules = (
			);
			dependencies = (
				7977FB6519E43D5600AF863F /* PBXTargetDependency */,
			);
			name = testAbusTests;
			productName = testAbusTests;
			productReference = 7977FB6319E43D5600AF863F /* testAbusTests.xctest */;
			productType = "com.apple.product-type.bundle.unit-test";
		};
/* End PBXNativeTarget section */

/* Begin PBXProject section */
		7977FB4619E43D5400AF863F /* Project object */ = {
			isa = PBXProject;
			attributes = {
				LastUpgradeCheck = 0600;
				ORGANIZATIONNAME = Abus;
				TargetAttributes = {
					7977FB4D19E43D5400AF863F = {
						CreatedOnToolsVersion = 6.0.1;
					};
					7977FB6219E43D5600AF863F = {
						CreatedOnToolsVersion = 6.0.1;
						TestTargetID = 7977FB4D19E43D5400AF863F;
					};
				};
			};
			buildConfigurationList = 7977FB4919E43D5400AF863F /* Build configuration list for PBXProject "testAbus" */;
			compatibilityVersion = "Xcode 3.2";
			developmentRegion = English;
			hasScannedForEncodings = 0;
			knownRegions = (
				en,
				Base,
			);
			mainGroup = 7977FB4519E43D5400AF863F;
			productRefGroup = 7977FB4F19E43D5500AF863F /* Products */;
			projectDirPath = "";
			projectRoot = "";
			targets = (
				7977FB4D19E43D5400AF863F /* testAbus */,
				7977FB6219E43D5600AF863F /* testAbusTests */,
			);
		};
/* End PBXProject section */

/* Begin PBXResourcesBuildPhase section */
		7977FB4C19E43D5400AF863F /* Resources */ = {
			isa = PBXResourcesBuildPhase;
			buildActionMask = 2147483647;
			files = (
				7977FB5919E43D5500AF863F /* Main.storyboard in Resources */,
				7977FB5E19E43D5500AF863F /* LaunchScreen.xib in Resources */,
				7977FB5B19E43D5500AF863F /* Images.xcassets in Resources */,
			);
			runOnlyForDeploymentPostprocessing = 0;
		};
		7977FB6119E43D5600AF863F /* Resources */ = {
			isa = PBXResourcesBuildPhase;
			buildActionMask = 2147483647;
			files = (
			);
			runOnlyForDeploymentPostprocessing = 0;
		};
/* End PBXResourcesBuildPhase section */

/* Begin PBXSourcesBuildPhase section */
		7977FB4A19E43D5400AF863F /* Sources */ = {
			isa = PBXSourcesBuildPhase;
			buildActionMask = 2147483647;
			files = (
				79DEFF8A19E49DB200BC4C37 /* BlackjackSystem.swift in Sources */,
				7977FB5619E43D5500AF863F /* ViewController.swift in Sources */,
				7977FB5419E43D5500AF863F /* AppDelegate.swift in Sources */,
			);
			runOnlyForDeploymentPostprocessing = 0;
		};
		7977FB5F19E43D5600AF863F /* Sources */ = {
			isa = PBXSourcesBuildPhase;
			buildActionMask = 2147483647;
			files = (
				7977FB6A19E43D5600AF863F /* testAbusTests.swift in Sources */,
			);
			runOnlyForDeploymentPostprocessing = 0;
		};
/* End PBXSourcesBuildPhase section */

/* Begin PBXTargetDependency section */
		7977FB6519E43D5600AF863F /* PBXTargetDependency */ = {
			isa = PBXTargetDependency;
			target = 7977FB4D19E43D5400AF863F /* testAbus */;
			targetProxy = 7977FB6419E43D5600AF863F /* PBXContainerItemProxy */;
		};
/* End PBXTargetDependency section */

/* Begin PBXVariantGroup section */
		7977FB5719E43D5500AF863F /* Main.storyboard */ = {
			isa = PBXVariantGroup;
			children = (
				7977FB5819E43D5500AF863F /* Base */,
			);
			name = Main.storyboard;
			sourceTree = "<group>";
		};
		7977FB5C19E43D5500AF863F /* LaunchScreen.xib */ = {
			isa = PBXVariantGroup;
			children = (
				7977FB5D19E43D5500AF863F /* Base */,
			);
			name = LaunchScreen.xib;
			sourceTree = "<group>";
		};
/* End PBXVariantGroup section */

/* Begin XCBuildConfiguration section */
		7977FB6B19E43D5600AF863F /* Debug */ = {
			isa = XCBuildConfiguration;
			buildSettings = {
				ALWAYS_SEARCH_USER_PATHS = NO;
				CLANG_CXX_LANGUAGE_STANDARD = "gnu++0x";
				CLANG_CXX_LIBRARY = "libc++";
				CLANG_ENABLE_MODULES = YES;
				CLANG_ENABLE_OBJC_ARC = YES;
				CLANG_WARN_BOOL_CONVERSION = YES;
				CLANG_WARN_CONSTANT_CONVERSION = YES;
				CLANG_WARN_DIRECT_OBJC_ISA_USAGE = YES_ERROR;
				CLANG_WARN_EMPTY_BODY = YES;
				CLANG_WARN_ENUM_CONVERSION = YES;
				CLANG_WARN_INT_CONVERSION = YES;
				CLANG_WARN_OBJC_ROOT_CLASS = YES_ERROR;
				CLANG_WARN_UNREACHABLE_CODE = YES;
				CLANG_WARN__DUPLICATE_METHOD_MATCH = YES;
				"CODE_SIGN_IDENTITY[sdk=iphoneos*]" = "iPhone Developer";
				COPY_PHASE_STRIP = NO;
				ENABLE_STRICT_OBJC_MSGSEND = YES;
				GCC_C_LANGUAGE_STANDARD = gnu99;
				GCC_DYNAMIC_NO_PIC = NO;
				GCC_OPTIMIZATION_LEVEL = 0;
				GCC_PREPROCESSOR_DEFINITIONS = (
					"DEBUG=1",
					"$(inherited)",
				);
				GCC_SYMBOLS_PRIVATE_EXTERN = NO;
				GCC_WARN_64_TO_32_BIT_CONVERSION = YES;
				GCC_WARN_ABOUT_RETURN_TYPE = YES_ERROR;
				GCC_WARN_UNDECLARED_SELECTOR = YES;
				GCC_WARN_UNINITIALIZED_AUTOS = YES_AGGRESSIVE;
				GCC_WARN_UNUSED_FUNCTION = YES;
				GCC_WARN_UNUSED_VARIABLE = YES;
				IPHONEOS_DEPLOYMENT_TARGET = 8.0;
				MTL_ENABLE_DEBUG_INFO = YES;
				ONLY_ACTIVE_ARCH = YES;
				SDKROOT = iphoneos;
				SWIFT_OPTIMIZATION_LEVEL = "-Onone";
				TARGETED_DEVICE_FAMILY = "1,2";
			};
			name = Debug;
		};
		7977FB6C19E43D5600AF863F /* Release */ = {
			isa = XCBuildConfiguration;
			buildSettings = {
				ALWAYS_SEARCH_USER_PATHS = NO;
				CLANG_CXX_LANGUAGE_STANDARD = "gnu++0x";
				CLANG_CXX_LIBRARY = "libc++";
				CLANG_ENABLE_MODULES = YES;
				CLANG_ENABLE_OBJC_ARC = YES;
				CLANG_WARN_BOOL_CONVERSION = YES;
				CLANG_WARN_CONSTANT_CONVERSION = YES;
				CLANG_WARN_DIRECT_OBJC_ISA_USAGE = YES_ERROR;
				CLANG_WARN_EMPTY_BODY = YES;
				CLANG_WARN_ENUM_CONVERSION = YES;
				CLANG_WARN_INT_CONVERSION = YES;
				CLANG_WARN_OBJC_ROOT_CLASS = YES_ERROR;
				CLANG_WARN_UNREACHABLE_CODE = YES;
				CLANG_WARN__DUPLICATE_METHOD_MATCH = YES;
				"CODE_SIGN_IDENTITY[sdk=iphoneos*]" = "iPhone Developer";
				COPY_PHASE_STRIP = YES;
				ENABLE_NS_ASSERTIONS = NO;
				ENABLE_STRICT_OBJC_MSGSEND = YES;
				GCC_C_LANGUAGE_STANDARD = gnu99;
				GCC_WARN_64_TO_32_BIT_CONVERSION = YES;
				GCC_WARN_ABOUT_RETURN_TYPE = YES_ERROR;
				GCC_WARN_UNDECLARED_SELECTOR = YES;
				GCC_WARN_UNINITIALIZED_AUTOS = YES_AGGRESSIVE;
				GCC_WARN_UNUSED_FUNCTION = YES;
				GCC_WARN_UNUSED_VARIABLE = YES;
				IPHONEOS_DEPLOYMENT_TARGET = 8.0;
				MTL_ENABLE_DEBUG_INFO = NO;
				SDKROOT = iphoneos;
				TARGETED_DEVICE_FAMILY = "1,2";
				VALIDATE_PRODUCT = YES;
			};
			name = Release;
		};
		7977FB6E19E43D5600AF863F /* Debug */ = {
			isa = XCBuildConfiguration;
			buildSettings = {
				ASSETCATALOG_COMPILER_APPICON_NAME = AppIcon;
				INFOPLIST_FILE = testAbus/Info.plist;
				LD_RUNPATH_SEARCH_PATHS = "$(inherited) @executable_path/Frameworks";
				PRODUCT_NAME = "$(TARGET_NAME)";
			};
			name = Debug;
		};
		7977FB6F19E43D5600AF863F /* Release */ = {
			isa = XCBuildConfiguration;
			buildSettings = {
				ASSETCATALOG_COMPILER_APPICON_NAME = AppIcon;
				INFOPLIST_FILE = testAbus/Info.plist;
				LD_RUNPATH_SEARCH_PATHS = "$(inherited) @executable_path/Frameworks";
				PRODUCT_NAME = "$(TARGET_NAME)";
			};
			name = Release;
		};
		7977FB7119E43D5600AF863F /* Debug */ = {
			isa = XCBuildConfiguration;
			buildSettings = {
				BUNDLE_LOADER = "$(TEST_HOST)";
				FRAMEWORK_SEARCH_PATHS = (
					"$(SDKROOT)/Developer/Library/Frameworks",
					"$(inherited)",
				);
				GCC_PREPROCESSOR_DEFINITIONS = (
					"DEBUG=1",
					"$(inherited)",
				);
				INFOPLIST_FILE = testAbusTests/Info.plist;
				LD_RUNPATH_SEARCH_PATHS = "$(inherited) @executable_path/Frameworks @loader_path/Frameworks";
				PRODUCT_NAME = "$(TARGET_NAME)";
				TEST_HOST = "$(BUILT_PRODUCTS_DIR)/testAbus.app/testAbus";
			};
			name = Debug;
		};
		7977FB7219E43D5600AF863F /* Release */ = {
			isa = XCBuildConfiguration;
			buildSettings = {
				BUNDLE_LOADER = "$(TEST_HOST)";
				FRAMEWORK_SEARCH_PATHS = (
					"$(SDKROOT)/Developer/Library/Frameworks",
					"$(inherited)",
				);
				INFOPLIST_FILE = testAbusTests/Info.plist;
				LD_RUNPATH_SEARCH_PATHS = "$(inherited) @executable_path/Frameworks @loader_path/Frameworks";
				PRODUCT_NAME = "$(TARGET_NAME)";
				TEST_HOST = "$(BUILT_PRODUCTS_DIR)/testAbus.app/testAbus";
			};
			name = Release;
		};
/* End XCBuildConfiguration section */

/* Begin XCConfigurationList section */
		7977FB4919E43D5400AF863F /* Build configuration list for PBXProject "testAbus" */ = {
			isa = XCConfigurationList;
			buildConfigurations = (
				7977FB6B19E43D5600AF863F /* Debug */,
				7977FB6C19E43D5600AF863F /* Release */,
			);
			defaultConfigurationIsVisible = 0;
			defaultConfigurationName = Release;
		};
		7977FB6D19E43D5600AF863F /* Build configuration list for PBXNativeTarget "testAbus" */ = {
			isa = XCConfigurationList;
			buildConfigurations = (
				7977FB6E19E43D5600AF863F /* Debug */,
				7977FB6F19E43D5600AF863F /* Release */,
			);
			defaultConfigurationIsVisible = 0;
			defaultConfigurationName = Release;
		};
		7977FB7019E43D5600AF863F /* Build configuration list for PBXNativeTarget "testAbusTests" */ = {
			isa = XCConfigurationList;
			buildConfigurations = (
				7977FB7119E43D5600AF863F /* Debug */,
				7977FB7219E43D5600AF863F /* Release */,
			);
			defaultConfigurationIsVisible = 0;
			defaultConfigurationName = Release;
		};
/* End XCConfigurationList section */
	};
	rootObject = 7977FB4619E43D5400AF863F /* Project object */;
}
